
Microsoft Visual Studio Solution File, Format Version 12.00
# Visual Studio Version 17
VisualStudioVersion = 17.3.32825.248
MinimumVisualStudioVersion = 10.0.40219.1
Project("{FAE04EC0-301F-11D3-BF4B-00C04F79EFBC}") = "IS-1-20-BabushkinDK-U", "IS-1-20-BabushkinDK-U\IS-1-20-BabushkinDK-U.csproj", "{107B6BF7-DA5E-43B4-9C38-5B7F86AD10A5}"
EndProject
Project("{FAE04EC0-301F-11D3-BF4B-00C04F79EFBC}") = "ConnectDB", "ConnectDB\ConnectDB.csproj", "{D95FA9D6-B775-4904-B43F-0AE9BED85AEF}"
EndProject
Project("{FAE04EC0-301F-11D3-BF4B-00C04F79EFBC}") = "Task1", "Task1\Task1.csproj", "{58A4F4EB-E757-4D76-A893-BA7B89F6B33E}"
EndProject
Global
	GlobalSection(SolutionConfigurationPlatforms) = preSolution
		Debug|Any CPU = Debug|Any CPU
		Release|Any CPU = Release|Any CPU
	EndGlobalSection
	GlobalSection(ProjectConfigurationPlatforms) = postSolution
		{107B6BF7-DA5E-43B4-9C38-5B7F86AD10A5}.Debug|Any CPU.ActiveCfg = Debug|Any CPU
		{107B6BF7-DA5E-43B4-9C38-5B7F86AD10A5}.Debug|Any CPU.Build.0 = Debug|Any CPU
		{107B6BF7-DA5E-43B4-9C38-5B7F86AD10A5}.Release|Any CPU.ActiveCfg = Release|Any CPU
		{107B6BF7-DA5E-43B4-9C38-5B7F86AD10A5}.Release|Any CPU.Build.0 = Release|Any CPU
		{D95FA9D6-B775-4904-B43F-0AE9BED85AEF}.Debug|Any CPU.ActiveCfg = Debug|Any CPU
		{D95FA9D6-B775-4904-B43F-0AE9BED85AEF}.Debug|Any CPU.Build.0 = Debug|Any CPU
		{D95FA9D6-B775-4904-B43F-0AE9BED85AEF}.Release|Any CPU.ActiveCfg = Release|Any CPU
		{D95FA9D6-B775-4904-B43F-0AE9BED85AEF}.Release|Any CPU.Build.0 = Release|Any CPU
		{58A4F4EB-E757-4D76-A893-BA7B89F6B33E}.Debug|Any CPU.ActiveCfg = Debug|Any CPU
		{58A4F4EB-E757-4D76-A893-BA7B89F6B33E}.Debug|Any CPU.Build.0 = Debug|Any CPU
		{58A4F4EB-E757-4D76-A893-BA7B89F6B33E}.Release|Any CPU.ActiveCfg = Release|Any CPU
		{58A4F4EB-E757-4D76-A893-BA7B89F6B33E}.Release|Any CPU.Build.0 = Release|Any CPU
	EndGlobalSection
	GlobalSection(SolutionProperties) = preSolution
		HideSolutionNode = FALSE
	EndGlobalSection
	GlobalSection(ExtensibilityGlobals) = postSolution
		SolutionGuid = {30BA7D21-A54D-48B3-9A36-1658341EACEE}
	EndGlobalSection
EndGlobal
